
Microsoft Visual Studio Solution File, Format Version 12.00
# Visual Studio Version 17
VisualStudioVersion = 17.5.33414.496
MinimumVisualStudioVersion = 10.0.40219.1
Project("{9A19103F-16F7-4668-BE54-9A1E7A4F7556}") = "Domain", "Domain\Domain.csproj", "{5FD506C9-5B4A-4FFE-9F82-733F08DA090F}"
EndProject
Project("{9A19103F-16F7-4668-BE54-9A1E7A4F7556}") = "Infrastructure", "Infrastructure\Infrastructure.csproj", "{34A25281-4D84-4CB3-A7B2-85E304B35ED6}"
EndProject
Project("{FAE04EC0-301F-11D3-BF4B-00C04F79EFBC}") = "Presentation", "Presentation\Presentation.csproj", "{3928DEB3-37ED-4A8E-A92F-41F6C601F4A0}"
EndProject
Global
	GlobalSection(SolutionConfigurationPlatforms) = preSolution
		Debug|Any CPU = Debug|Any CPU
		Release|Any CPU = Release|Any CPU
	EndGlobalSection
	GlobalSection(ProjectConfigurationPlatforms) = postSolution
		{5FD506C9-5B4A-4FFE-9F82-733F08DA090F}.Debug|Any CPU.ActiveCfg = Debug|Any CPU
		{5FD506C9-5B4A-4FFE-9F82-733F08DA090F}.Debug|Any CPU.Build.0 = Debug|Any CPU
		{5FD506C9-5B4A-4FFE-9F82-733F08DA090F}.Release|Any CPU.ActiveCfg = Release|Any CPU
		{5FD506C9-5B4A-4FFE-9F82-733F08DA090F}.Release|Any CPU.Build.0 = Release|Any CPU
		{34A25281-4D84-4CB3-A7B2-85E304B35ED6}.Debug|Any CPU.ActiveCfg = Debug|Any CPU
		{34A25281-4D84-4CB3-A7B2-85E304B35ED6}.Debug|Any CPU.Build.0 = Debug|Any CPU
		{34A25281-4D84-4CB3-A7B2-85E304B35ED6}.Release|Any CPU.ActiveCfg = Release|Any CPU
		{34A25281-4D84-4CB3-A7B2-85E304B35ED6}.Release|Any CPU.Build.0 = Release|Any CPU
		{3928DEB3-37ED-4A8E-A92F-41F6C601F4A0}.Debug|Any CPU.ActiveCfg = Debug|Any CPU
		{3928DEB3-37ED-4A8E-A92F-41F6C601F4A0}.Debug|Any CPU.Build.0 = Debug|Any CPU
		{3928DEB3-37ED-4A8E-A92F-41F6C601F4A0}.Release|Any CPU.ActiveCfg = Release|Any CPU
		{3928DEB3-37ED-4A8E-A92F-41F6C601F4A0}.Release|Any CPU.Build.0 = Release|Any CPU
	EndGlobalSection
	GlobalSection(SolutionProperties) = preSolution
		HideSolutionNode = FALSE
	EndGlobalSection
	GlobalSection(ExtensibilityGlobals) = postSolution
		SolutionGuid = {C7C20844-E9F2-4D9C-B96E-45B83A19933B}
	EndGlobalSection
EndGlobal
